
Microsoft Visual Studio Solution File, Format Version 12.00
# Visual Studio Version 17
VisualStudioVersion = 17.8.34330.188
MinimumVisualStudioVersion = 10.0.40219.1
Project("{FAE04EC0-301F-11D3-BF4B-00C04F79EFBC}") = "ATM Project", "ATM Project.csproj", "{6C1F2F1A-28C6-43C4-9D18-C7A7F0016BFD}"
EndProject
Global
	GlobalSection(SolutionConfigurationPlatforms) = preSolution
		Debug|Any CPU = Debug|Any CPU
		Release|Any CPU = Release|Any CPU
	EndGlobalSection
	GlobalSection(ProjectConfigurationPlatforms) = postSolution
		{6C1F2F1A-28C6-43C4-9D18-C7A7F0016BFD}.Debug|Any CPU.ActiveCfg = Debug|Any CPU
		{6C1F2F1A-28C6-43C4-9D18-C7A7F0016BFD}.Debug|Any CPU.Build.0 = Debug|Any CPU
		{6C1F2F1A-28C6-43C4-9D18-C7A7F0016BFD}.Release|Any CPU.ActiveCfg = Release|Any CPU
		{6C1F2F1A-28C6-43C4-9D18-C7A7F0016BFD}.Release|Any CPU.Build.0 = Release|Any CPU
	EndGlobalSection
	GlobalSection(SolutionProperties) = preSolution
		HideSolutionNode = FALSE
	EndGlobalSection
	GlobalSection(ExtensibilityGlobals) = postSolution
		SolutionGuid = {E93960D2-8367-493B-A6F9-14CD53307F59}
	EndGlobalSection
EndGlobal
